github.com/bep/gallerydeluxe v0.9.3 h1:+m0eEzt+NUdHeXUozVjM4ppoDO5ecVn6Eoa8q33E2hI=
github.com/bep/gallerydeluxe v0.9.3/go.mod h1:sUfRcjREo6DwxPo0sMp0TAxNZiGreOY6DY2dWGpSeR8=
github.com/hugomods/giscus v0.1.0 h1:tIu1TzYByC/XlxxiBl9+CkQp9OeR4UhoZjbQSlcDt5E=
github.com/hugomods/giscus v0.1.0/go.mod h1:tCRkqNi/sMsLh3kjDesXZNzf4R/w+b5oc5boS/l8Jtw=
github.com/julmot/mark.js v0.0.0-20221116182818-7f7e9820514e h1:EZl5226VdgA6DxtbGRgEODgmvT845TKZ1Sl7uZOFT/U=
github.com/julmot/mark.js v0.0.0-20221116182818-7f7e9820514e/go.mod h1:aAyDyl2EhNPiZbFqqURsAmxYwwTHslrIxZErXMO3pJQ=
github.com/krisk/Fuse v6.6.2+incompatible h1:laigOpZFs/xUi9zGjVu5t19bcvzRVufoXCnPSgQZmYI=
github.com/krisk/Fuse v6.6.2+incompatible/go.mod h1:3moWv8rDjwoKic9nwiPLgZjldkbdTAbtzJHCu/Vsj4A=
